
Microsoft Visual Studio Solution File, Format Version 12.00
# Visual Studio Version 16
VisualStudioVersion = 16.0.30804.86
MinimumVisualStudioVersion = 10.0.40219.1
Project("{FAE04EC0-301F-11D3-BF4B-00C04F79EFBC}") = "Lesson_6.1", "Lesson_6.1\Lesson_6.1.csproj", "{6BD33DAF-D93B-489D-82EC-070B74EE17F0}"
EndProject
Global
	GlobalSection(SolutionConfigurationPlatforms) = preSolution
		Debug|Any CPU = Debug|Any CPU
		Release|Any CPU = Release|Any CPU
	EndGlobalSection
	GlobalSection(ProjectConfigurationPlatforms) = postSolution
		{6BD33DAF-D93B-489D-82EC-070B74EE17F0}.Debug|Any CPU.ActiveCfg = Debug|Any CPU
		{6BD33DAF-D93B-489D-82EC-070B74EE17F0}.Debug|Any CPU.Build.0 = Debug|Any CPU
		{6BD33DAF-D93B-489D-82EC-070B74EE17F0}.Release|Any CPU.ActiveCfg = Release|Any CPU
		{6BD33DAF-D93B-489D-82EC-070B74EE17F0}.Release|Any CPU.Build.0 = Release|Any CPU
	EndGlobalSection
	GlobalSection(SolutionProperties) = preSolution
		HideSolutionNode = FALSE
	EndGlobalSection
	GlobalSection(ExtensibilityGlobals) = postSolution
		SolutionGuid = {9A760114-792F-4885-A307-D4218FC947A6}
	EndGlobalSection
EndGlobal
